// !$*UTF8*$!
{
	archiveVersion = 1;
	classes = {
	};
	objectVersion = 46;
	objects = {

/* Begin PBXBuildFile section */
		BCA641F61DC7854D00663278 /* AppDelegate.swift in Sources */ = {isa = PBXBuildFile; fileRef = BCA641F51DC7854D00663278 /* AppDelegate.swift */; };
		BCA641F81DC7854D00663278 /* ViewController.swift in Sources */ = {isa = PBXBuildFile; fileRef = BCA641F71DC7854D00663278 /* ViewController.swift */; };
		BCA641FB1DC7854D00663278 /* Main.storyboard in Resources */ = {isa = PBXBuildFile; fileRef = BCA641F91DC7854D00663278 /* Main.storyboard */; };
		BCA641FD1DC7854D00663278 /* Assets.xcassets in Resources */ = {isa = PBXBuildFile; fileRef = BCA641FC1DC7854D00663278 /* Assets.xcassets */; };
		BCA642001DC7854D00663278 /* LaunchScreen.storyboard in Resources */ = {isa = PBXBuildFile; fileRef = BCA641FE1DC7854D00663278 /* LaunchScreen.storyboard */; };
/* End PBXBuildFile section */

/* Begin PBXFileReference section */
		BCA641F21DC7854D00663278 /* Clock App.app */ = {isa = PBXFileReference; explicitFileType = wrapper.application; includeInIndex = 0; path = "Clock App.app"; sourceTree = BUILT_PRODUCTS_DIR; };
		BCA641F51DC7854D00663278 /* AppDelegate.swift */ = {isa = PBXFileReference; lastKnownFileType = sourcecode.swift; path = AppDelegate.swift; sourceTree = "<group>"; };
		BCA641F71DC7854D00663278 /* ViewController.swift */ = {isa = PBXFileReference; lastKnownFileType = sourcecode.swift; path = ViewController.swift; sourceTree = "<group>"; };
		BCA641FA1DC7854D00663278 /* Base */ = {isa = PBXFileReference; lastKnownFileType = file.storyboard; name = Base; path = Base.lproj/Main.storyboard; sourceTree = "<group>"; };
		BCA641FC1DC7854D00663278 /* Assets.xcassets */ = {isa = PBXFileReference; lastKnownFileType = folder.assetcatalog; path = Assets.xcassets; sourceTree = "<group>"; };
		BCA641FF1DC7854D00663278 /* Base */ = {isa = PBXFileReference; lastKnownFileType = file.storyboard; name = Base; path = Base.lproj/LaunchScreen.storyboard; sourceTree = "<group>"; };
		BCA642011DC7854D00663278 /* Info.plist */ = {isa = PBXFileReference; lastKnownFileType = text.plist.xml; path = Info.plist; sourceTree = "<group>"; };
/* End PBXFileReference section */

/* Begin PBXFrameworksBuildPhase section */
		BCA641EF1DC7854D00663278 /* Frameworks */ = {
			isa = PBXFrameworksBuildPhase;
			buildActionMask = 2147483647;
			files = (
			);
			runOnlyForDeploymentPostprocessing = 0;
		};
/* End PBXFrameworksBuildPhase section */

/* Begin PBXGroup section */
		BCA641E91DC7854D00663278 = {
			isa = PBXGroup;
			children = (
				BCA641F41DC7854D00663278 /* Clock App */,
				BCA641F31DC7854D00663278 /* Products */,
			);
			sourceTree = "<group>";
		};
		BCA641F31DC7854D00663278 /* Products */ = {
			isa = PBXGroup;
			children = (
				BCA641F21DC7854D00663278 /* Clock App.app */,
			);
			name = Products;
			sourceTree = "<group>";
		};
		BCA641F41DC7854D00663278 /* Clock App */ = {
			isa = PBXGroup;
			children = (
				BCA641F51DC7854D00663278 /* AppDelegate.swift */,
				BCA641F71DC7854D00663278 /* ViewController.swift */,
				BCA641F91DC7854D00663278 /* Main.storyboard */,
				BCA641FC1DC7854D00663278 /* Assets.xcassets */,
				BCA641FE1DC7854D00663278 /* LaunchScreen.storyboard */,
				BCA642011DC7854D00663278 /* Info.plist */,
			);
			path = "Clock App";
			sourceTree = "<group>";
		};
/* End PBXGroup section */

/* Begin PBXNativeTarget section */
		BCA641F11DC7854D00663278 /* Clock App */ = {
			isa = PBXNativeTarget;
			buildConfigurationList = BCA642041DC7854D00663278 /* Build configuration list for PBXNativeTarget "Clock App" */;
			buildPhases = (
				BCA641EE1DC7854D00663278 /* Sources */,
				BCA641EF1DC7854D00663278 /* Frameworks */,
				BCA641F01DC7854D00663278 /* Resources */,
			);
			buildRules = (
			);
			dependencies = (
			);
			name = "Clock App";
			productName = "Clock App";
			productReference = BCA641F21DC7854D00663278 /* Clock App.app */;
			productType = "com.apple.product-type.application";
		};
/* End PBXNativeTarget section */

/* Begin PBXProject section */
		BCA641EA1DC7854D00663278 /* Project object */ = {
			isa = PBXProject;
			attributes = {
				LastSwiftUpdateCheck = 0810;
				LastUpgradeCheck = 0810;
				ORGANIZATIONNAME = PratamaLabs;
				TargetAttributes = {
					BCA641F11DC7854D00663278 = {
						CreatedOnToolsVersion = 8.1;
						DevelopmentTeam = 7U347NZRJ7;
						ProvisioningStyle = Automatic;
					};
				};
			};
			buildConfigurationList = BCA641ED1DC7854D00663278 /* Build configuration list for PBXProject "Clock App" */;
			compatibilityVersion = "Xcode 3.2";
			developmentRegion = English;
			hasScannedForEncodings = 0;
			knownRegions = (
				en,
				Base,
			);
			mainGroup = BCA641E91DC7854D00663278;
			productRefGroup = BCA641F31DC7854D00663278 /* Products */;
			projectDirPath = "";
			projectRoot = "";
			targets = (
				BCA641F11DC7854D00663278 /* Clock App */,
			);
		};
/* End PBXProject section */

/* Begin PBXResourcesBuildPhase section */
		BCA641F01DC7854D00663278 /* Resources */ = {
			isa = PBXResourcesBuildPhase;
			buildActionMask = 2147483647;
			files = (
				BCA642001DC7854D00663278 /* LaunchScreen.storyboard in Resources */,
				BCA641FD1DC7854D00663278 /* Assets.xcassets in Resources */,
				BCA641FB1DC7854D00663278 /* Main.storyboard in Resources */,
			);
			runOnlyForDeploymentPostprocessing = 0;
		};
/* End PBXResourcesBuildPhase section */

/* Begin PBXSourcesBuildPhase section */
		BCA641EE1DC7854D00663278 /* Sources */ = {
			isa = PBXSourcesBuildPhase;
			buildActionMask = 2147483647;
			files = (
				BCA641F81DC7854D00663278 /* ViewController.swift in Sources */,
				BCA641F61DC7854D00663278 /* AppDelegate.swift in Sources */,
			);
			runOnlyForDeploymentPostprocessing = 0;
		};
/* End PBXSourcesBuildPhase section */

/* Begin PBXVariantGroup section */
		BCA641F91DC7854D00663278 /* Main.storyboard */ = {
			isa = PBXVariantGroup;
			children = (
				BCA641FA1DC7854D00663278 /* Base */,
			);
			name = Main.storyboard;
			sourceTree = "<group>";
		};
		BCA641FE1DC7854D00663278 /* LaunchScreen.storyboard */ = {
			isa = PBXVariantGroup;
			children = (
				BCA641FF1DC7854D00663278 /* Base */,
			);
			name = LaunchScreen.storyboard;
			sourceTree = "<group>";
		};
/* End PBXVariantGroup section */

/* Begin XCBuildConfiguration section */
		BCA642021DC7854D00663278 /* Debug */ = {
			isa = XCBuildConfiguration;
			buildSettings = {
				ALWAYS_SEARCH_USER_PATHS = NO;
				CLANG_ANALYZER_NONNULL = YES;
				CLANG_CXX_LANGUAGE_STANDARD = "gnu++0x";
				CLANG_CXX_LIBRARY = "libc++";
				CLANG_ENABLE_MODULES = YES;
				CLANG_ENABLE_OBJC_ARC = YES;
				CLANG_WARN_BOOL_CONVERSION = YES;
				CLANG_WARN_CONSTANT_CONVERSION = YES;
				CLANG_WARN_DIRECT_OBJC_ISA_USAGE = YES_ERROR;
				CLANG_WARN_DOCUMENTATION_COMMENTS = YES;
				CLANG_WARN_EMPTY_BODY = YES;
				CLANG_WARN_ENUM_CONVERSION = YES;
				CLANG_WARN_INFINITE_RECURSION = YES;
				CLANG_WARN_INT_CONVERSION = YES;
				CLANG_WARN_OBJC_ROOT_CLASS = YES_ERROR;
				CLANG_WARN_SUSPICIOUS_MOVES = YES;
				CLANG_WARN_UNREACHABLE_CODE = YES;
				CLANG_WARN__DUPLICATE_METHOD_MATCH = YES;
				"CODE_SIGN_IDENTITY[sdk=iphoneos*]" = "iPhone Developer";
				COPY_PHASE_STRIP = NO;
				DEBUG_INFORMATION_FORMAT = dwarf;
				ENABLE_STRICT_OBJC_MSGSEND = YES;
				ENABLE_TESTABILITY = YES;
				GCC_C_LANGUAGE_STANDARD = gnu99;
				GCC_DYNAMIC_NO_PIC = NO;
				GCC_NO_COMMON_BLOCKS = YES;
				GCC_OPTIMIZATION_LEVEL = 0;
				GCC_PREPROCESSOR_DEFINITIONS = (
					"DEBUG=1",
					"$(inherited)",
				);
				GCC_WARN_64_TO_32_BIT_CONVERSION = YES;
				GCC_WARN_ABOUT_RETURN_TYPE = YES_ERROR;
				GCC_WARN_UNDECLARED_SELECTOR = YES;
				GCC_WARN_UNINITIALIZED_AUTOS = YES_AGGRESSIVE;
				GCC_WARN_UNUSED_FUNCTION = YES;
				GCC_WARN_UNUSED_VARIABLE = YES;
				IPHONEOS_DEPLOYMENT_TARGET = 10.1;
				MTL_ENABLE_DEBUG_INFO = YES;
				ONLY_ACTIVE_ARCH = YES;
				SDKROOT = iphoneos;
				SWIFT_ACTIVE_COMPILATION_CONDITIONS = DEBUG;
				SWIFT_OPTIMIZATION_LEVEL = "-Onone";
			};
			name = Debug;
		};
		BCA642031DC7854D00663278 /* Release */ = {
			isa = XCBuildConfiguration;
			buildSettings = {
				ALWAYS_SEARCH_USER_PATHS = NO;
				CLANG_ANALYZER_NONNULL = YES;
				CLANG_CXX_LANGUAGE_STANDARD = "gnu++0x";
				CLANG_CXX_LIBRARY = "libc++";
				CLANG_ENABLE_MODULES = YES;
				CLANG_ENABLE_OBJC_ARC = YES;
				CLANG_WARN_BOOL_CONVERSION = YES;
				CLANG_WARN_CONSTANT_CONVERSION = YES;
				CLANG_WARN_DIRECT_OBJC_ISA_USAGE = YES_ERROR;
				CLANG_WARN_DOCUMENTATION_COMMENTS = YES;
				CLANG_WARN_EMPTY_BODY = YES;
				CLANG_WARN_ENUM_CONVERSION = YES;
				CLANG_WARN_INFINITE_RECURSION = YES;
				CLANG_WARN_INT_CONVERSION = YES;
				CLANG_WARN_OBJC_ROOT_CLASS = YES_ERROR;
				CLANG_WARN_SUSPICIOUS_MOVES = YES;
				CLANG_WARN_UNREACHABLE_CODE = YES;
				CLANG_WARN__DUPLICATE_METHOD_MATCH = YES;
				"CODE_SIGN_IDENTITY[sdk=iphoneos*]" = "iPhone Developer";
				COPY_PHASE_STRIP = NO;
				DEBUG_INFORMATION_FORMAT = "dwarf-with-dsym";
				ENABLE_NS_ASSERTIONS = NO;
				ENABLE_STRICT_OBJC_MSGSEND = YES;
				GCC_C_LANGUAGE_STANDARD = gnu99;
				GCC_NO_COMMON_BLOCKS = YES;
				GCC_WARN_64_TO_32_BIT_CONVERSION = YES;
				GCC_WARN_ABOUT_RETURN_TYPE = YES_ERROR;
				GCC_WARN_UNDECLARED_SELECTOR = YES;
				GCC_WARN_UNINITIALIZED_AUTOS = YES_AGGRESSIVE;
				GCC_WARN_UNUSED_FUNCTION = YES;
				GCC_WARN_UNUSED_VARIABLE = YES;
				IPHONEOS_DEPLOYMENT_TARGET = 10.1;
				MTL_ENABLE_DEBUG_INFO = NO;
				SDKROOT = iphoneos;
				SWIFT_OPTIMIZATION_LEVEL = "-Owholemodule";
				VALIDATE_PRODUCT = YES;
			};
			name = Release;
		};
		BCA642051DC7854D00663278 /* Debug */ = {
			isa = XCBuildConfiguration;
			buildSettings = {
				ASSETCATALOG_COMPILER_APPICON_NAME = AppIcon;
				DEVELOPMENT_TEAM = 7U347NZRJ7;
				INFOPLIST_FILE = "Clock App/Info.plist";
				LD_RUNPATH_SEARCH_PATHS = "$(inherited) @executable_path/Frameworks";
				PRODUCT_BUNDLE_IDENTIFIER = "pratamawijaya.com.Clock-App";
				PRODUCT_NAME = "$(TARGET_NAME)";
				SWIFT_VERSION = 3.0;
			};
			name = Debug;
		};
		BCA642061DC7854D00663278 /* Release */ = {
			isa = XCBuildConfiguration;
			buildSettings = {
				ASSETCATALOG_COMPILER_APPICON_NAME = AppIcon;
				DEVELOPMENT_TEAM = 7U347NZRJ7;
				INFOPLIST_FILE = "Clock App/Info.plist";
				LD_RUNPATH_SEARCH_PATHS = "$(inherited) @executable_path/Frameworks";
				PRODUCT_BUNDLE_IDENTIFIER = "pratamawijaya.com.Clock-App";
				PRODUCT_NAME = "$(TARGET_NAME)";
				SWIFT_VERSION = 3.0;
			};
			name = Release;
		};
/* End XCBuildConfiguration section */

/* Begin XCConfigurationList section */
		BCA641ED1DC7854D00663278 /* Build configuration list for PBXProject "Clock App" */ = {
			isa = XCConfigurationList;
			buildConfigurations = (
				BCA642021DC7854D00663278 /* Debug */,
				BCA642031DC7854D00663278 /* Release */,
			);
			defaultConfigurationIsVisible = 0;
			defaultConfigurationName = Release;
		};
		BCA642041DC7854D00663278 /* Build configuration list for PBXNativeTarget "Clock App" */ = {
			isa = XCConfigurationList;
			buildConfigurations = (
				BCA642051DC7854D00663278 /* Debug */,
				BCA642061DC7854D00663278 /* Release */,
			);
			defaultConfigurationIsVisible = 0;
		};
/* End XCConfigurationList section */
	};
	rootObject = BCA641EA1DC7854D00663278 /* Project object */;
}
